
Microsoft Visual Studio Solution File, Format Version 12.00
# Visual Studio 15
Project("{FAE04EC0-301F-11D3-BF4B-00C04F79EFBC}") = "UnityEngine.UI", "UnityEngine.UI.csproj", "{485C7D65-4154-1490-B2EF-FF9C90B84372}"
EndProject
Project("{FAE04EC0-301F-11D3-BF4B-00C04F79EFBC}") = "UnityEditor.UI", "UnityEditor.UI.csproj", "{7063F1A2-0D99-FE6C-E5DE-82C0EA1F89C9}"
EndProject
Global
	GlobalSection(SolutionConfigurationPlatforms) = preSolution
		Debug|Any CPU = Debug|Any CPU
		Release|Any CPU = Release|Any CPU
	EndGlobalSection
	GlobalSection(ProjectConfigurationPlatforms) = postSolution
		{485C7D65-4154-1490-B2EF-FF9C90B84372}.Debug|Any CPU.ActiveCfg = Debug|Any CPU
		{485C7D65-4154-1490-B2EF-FF9C90B84372}.Debug|Any CPU.Build.0 = Debug|Any CPU
		{485C7D65-4154-1490-B2EF-FF9C90B84372}.Release|Any CPU.ActiveCfg = Release|Any CPU
		{485C7D65-4154-1490-B2EF-FF9C90B84372}.Release|Any CPU.Build.0 = Release|Any CPU
		{7063F1A2-0D99-FE6C-E5DE-82C0EA1F89C9}.Debug|Any CPU.ActiveCfg = Debug|Any CPU
		{7063F1A2-0D99-FE6C-E5DE-82C0EA1F89C9}.Debug|Any CPU.Build.0 = Debug|Any CPU
		{7063F1A2-0D99-FE6C-E5DE-82C0EA1F89C9}.Release|Any CPU.ActiveCfg = Release|Any CPU
		{7063F1A2-0D99-FE6C-E5DE-82C0EA1F89C9}.Release|Any CPU.Build.0 = Release|Any CPU
	EndGlobalSection
	GlobalSection(SolutionProperties) = preSolution
		HideSolutionNode = FALSE
	EndGlobalSection
EndGlobal
